
Microsoft Visual Studio Solution File, Format Version 12.00
# Visual Studio 2012
Project("{8BC9CEB8-8B4A-11D0-8D11-00A0C91BC942}") = "wellNet", "wellNet\wellNet.vcxproj", "{C7E586C0-888D-44F7-A2EE-C87E6D5BD03C}"
EndProject
Project("{8BC9CEB8-8B4A-11D0-8D11-00A0C91BC942}") = "AACCodec", "AACCodec\AACCodec.vcxproj", "{A3DCB4A1-B00C-442C-9F6A-85F007B80F47}"
EndProject
Project("{8BC9CEB8-8B4A-11D0-8D11-00A0C91BC942}") = "Audio", "Audio\Audio.vcxproj", "{725AF3E8-F692-40F7-A446-010AF81AE51E}"
EndProject
Project("{8BC9CEB8-8B4A-11D0-8D11-00A0C91BC942}") = "glue", "fsGlue\glue.vcxproj", "{0AC2FD06-BF20-4515-A579-791120C1DF05}"
EndProject
Project("{8BC9CEB8-8B4A-11D0-8D11-00A0C91BC942}") = "Video", "Video\Video.vcxproj", "{E942D688-0DB1-4EE9-955F-7DC57AF0575F}"
EndProject
Project("{8BC9CEB8-8B4A-11D0-8D11-00A0C91BC942}") = "wellLog", "wellLog\wellLog.vcxproj", "{09B69F06-771D-4891-8ADD-567CBA0C0B8F}"
EndProject
Project("{8BC9CEB8-8B4A-11D0-8D11-00A0C91BC942}") = "AVDecoder", "AVDecoder\AVDecoder.vcxproj", "{74959D13-4D5E-4160-BE80-0E2D4F51AD12}"
	ProjectSection(ProjectDependencies) = postProject
		{A3DCB4A1-B00C-442C-9F6A-85F007B80F47} = {A3DCB4A1-B00C-442C-9F6A-85F007B80F47}
	EndProjectSection
EndProject
Project("{8BC9CEB8-8B4A-11D0-8D11-00A0C91BC942}") = "wellMedia", "wellMedia\fsNVRPlugin.vcxproj", "{AC2F63ED-C6F8-424E-9F0B-99DC45E26D37}"
	ProjectSection(ProjectDependencies) = postProject
		{09B69F06-771D-4891-8ADD-567CBA0C0B8F} = {09B69F06-771D-4891-8ADD-567CBA0C0B8F}
		{0AC2FD06-BF20-4515-A579-791120C1DF05} = {0AC2FD06-BF20-4515-A579-791120C1DF05}
		{74959D13-4D5E-4160-BE80-0E2D4F51AD12} = {74959D13-4D5E-4160-BE80-0E2D4F51AD12}
		{E942D688-0DB1-4EE9-955F-7DC57AF0575F} = {E942D688-0DB1-4EE9-955F-7DC57AF0575F}
		{C7E586C0-888D-44F7-A2EE-C87E6D5BD03C} = {C7E586C0-888D-44F7-A2EE-C87E6D5BD03C}
		{725AF3E8-F692-40F7-A446-010AF81AE51E} = {725AF3E8-F692-40F7-A446-010AF81AE51E}
	EndProjectSection
EndProject
Project("{8BC9CEB8-8B4A-11D0-8D11-00A0C91BC942}") = "MediaSrv", "MediaSrv\MediaSrv.vcxproj", "{882BA9EC-62A9-424F-95EF-FBF5BCFF3062}"
EndProject
Project("{8BC9CEB8-8B4A-11D0-8D11-00A0C91BC942}") = "SrvMonitor", "SrvMonitor\SrvMonitor.vcxproj", "{7D78C07D-F95A-493E-AAE1-8494DE25A04A}"
EndProject
Global
	GlobalSection(SolutionConfigurationPlatforms) = preSolution
		Debug|Win32 = Debug|Win32
		Release|Win32 = Release|Win32
	EndGlobalSection
	GlobalSection(ProjectConfigurationPlatforms) = postSolution
		{C7E586C0-888D-44F7-A2EE-C87E6D5BD03C}.Debug|Win32.ActiveCfg = Debug|Win32
		{C7E586C0-888D-44F7-A2EE-C87E6D5BD03C}.Debug|Win32.Build.0 = Debug|Win32
		{C7E586C0-888D-44F7-A2EE-C87E6D5BD03C}.Release|Win32.ActiveCfg = Release|Win32
		{C7E586C0-888D-44F7-A2EE-C87E6D5BD03C}.Release|Win32.Build.0 = Release|Win32
		{A3DCB4A1-B00C-442C-9F6A-85F007B80F47}.Debug|Win32.ActiveCfg = Debug|Win32
		{A3DCB4A1-B00C-442C-9F6A-85F007B80F47}.Debug|Win32.Build.0 = Debug|Win32
		{A3DCB4A1-B00C-442C-9F6A-85F007B80F47}.Release|Win32.ActiveCfg = Release|Win32
		{A3DCB4A1-B00C-442C-9F6A-85F007B80F47}.Release|Win32.Build.0 = Release|Win32
		{725AF3E8-F692-40F7-A446-010AF81AE51E}.Debug|Win32.ActiveCfg = Debug|Win32
		{725AF3E8-F692-40F7-A446-010AF81AE51E}.Debug|Win32.Build.0 = Debug|Win32
		{725AF3E8-F692-40F7-A446-010AF81AE51E}.Release|Win32.ActiveCfg = Release|Win32
		{725AF3E8-F692-40F7-A446-010AF81AE51E}.Release|Win32.Build.0 = Release|Win32
		{0AC2FD06-BF20-4515-A579-791120C1DF05}.Debug|Win32.ActiveCfg = Debug|Win32
		{0AC2FD06-BF20-4515-A579-791120C1DF05}.Debug|Win32.Build.0 = Debug|Win32
		{0AC2FD06-BF20-4515-A579-791120C1DF05}.Release|Win32.ActiveCfg = Release|Win32
		{0AC2FD06-BF20-4515-A579-791120C1DF05}.Release|Win32.Build.0 = Release|Win32
		{E942D688-0DB1-4EE9-955F-7DC57AF0575F}.Debug|Win32.ActiveCfg = Debug|Win32
		{E942D688-0DB1-4EE9-955F-7DC57AF0575F}.Debug|Win32.Build.0 = Debug|Win32
		{E942D688-0DB1-4EE9-955F-7DC57AF0575F}.Release|Win32.ActiveCfg = Release|Win32
		{E942D688-0DB1-4EE9-955F-7DC57AF0575F}.Release|Win32.Build.0 = Release|Win32
		{09B69F06-771D-4891-8ADD-567CBA0C0B8F}.Debug|Win32.ActiveCfg = Debug|Win32
		{09B69F06-771D-4891-8ADD-567CBA0C0B8F}.Debug|Win32.Build.0 = Debug|Win32
		{09B69F06-771D-4891-8ADD-567CBA0C0B8F}.Release|Win32.ActiveCfg = Release|Win32
		{09B69F06-771D-4891-8ADD-567CBA0C0B8F}.Release|Win32.Build.0 = Release|Win32
		{74959D13-4D5E-4160-BE80-0E2D4F51AD12}.Debug|Win32.ActiveCfg = Debug|Win32
		{74959D13-4D5E-4160-BE80-0E2D4F51AD12}.Debug|Win32.Build.0 = Debug|Win32
		{74959D13-4D5E-4160-BE80-0E2D4F51AD12}.Release|Win32.ActiveCfg = Release|Win32
		{74959D13-4D5E-4160-BE80-0E2D4F51AD12}.Release|Win32.Build.0 = Release|Win32
		{AC2F63ED-C6F8-424E-9F0B-99DC45E26D37}.Debug|Win32.ActiveCfg = Debug|Win32
		{AC2F63ED-C6F8-424E-9F0B-99DC45E26D37}.Debug|Win32.Build.0 = Debug|Win32
		{AC2F63ED-C6F8-424E-9F0B-99DC45E26D37}.Release|Win32.ActiveCfg = Release|Win32
		{AC2F63ED-C6F8-424E-9F0B-99DC45E26D37}.Release|Win32.Build.0 = Release|Win32
		{882BA9EC-62A9-424F-95EF-FBF5BCFF3062}.Debug|Win32.ActiveCfg = Debug|Win32
		{882BA9EC-62A9-424F-95EF-FBF5BCFF3062}.Debug|Win32.Build.0 = Debug|Win32
		{882BA9EC-62A9-424F-95EF-FBF5BCFF3062}.Release|Win32.ActiveCfg = Release|Win32
		{882BA9EC-62A9-424F-95EF-FBF5BCFF3062}.Release|Win32.Build.0 = Release|Win32
		{7D78C07D-F95A-493E-AAE1-8494DE25A04A}.Debug|Win32.ActiveCfg = Debug|Win32
		{7D78C07D-F95A-493E-AAE1-8494DE25A04A}.Debug|Win32.Build.0 = Debug|Win32
		{7D78C07D-F95A-493E-AAE1-8494DE25A04A}.Release|Win32.ActiveCfg = Release|Win32
		{7D78C07D-F95A-493E-AAE1-8494DE25A04A}.Release|Win32.Build.0 = Release|Win32
	EndGlobalSection
	GlobalSection(SolutionProperties) = preSolution
		HideSolutionNode = FALSE
	EndGlobalSection
EndGlobal
